
Microsoft Visual Studio Solution File, Format Version 12.00
# Visual Studio Version 17
VisualStudioVersion = 17.3.32901.215
MinimumVisualStudioVersion = 10.0.40219.1
Project("{FAE04EC0-301F-11D3-BF4B-00C04F79EFBC}") = "Lab3", "Lab3.csproj", "{3A209A91-33F0-4E4D-ABAE-B2C49B4EDE4F}"
EndProject
Global
	GlobalSection(SolutionConfigurationPlatforms) = preSolution
		Debug|Any CPU = Debug|Any CPU
		Release|Any CPU = Release|Any CPU
	EndGlobalSection
	GlobalSection(ProjectConfigurationPlatforms) = postSolution
		{3A209A91-33F0-4E4D-ABAE-B2C49B4EDE4F}.Debug|Any CPU.ActiveCfg = Debug|Any CPU
		{3A209A91-33F0-4E4D-ABAE-B2C49B4EDE4F}.Debug|Any CPU.Build.0 = Debug|Any CPU
		{3A209A91-33F0-4E4D-ABAE-B2C49B4EDE4F}.Release|Any CPU.ActiveCfg = Release|Any CPU
		{3A209A91-33F0-4E4D-ABAE-B2C49B4EDE4F}.Release|Any CPU.Build.0 = Release|Any CPU
	EndGlobalSection
	GlobalSection(SolutionProperties) = preSolution
		HideSolutionNode = FALSE
	EndGlobalSection
	GlobalSection(ExtensibilityGlobals) = postSolution
		SolutionGuid = {451C3E0D-85A3-47B7-A71D-FEE05CC2CF60}
	EndGlobalSection
EndGlobal
